
Microsoft Visual Studio Solution File, Format Version 12.00
# Visual Studio Version 17
VisualStudioVersion = 17.0.31903.59
MinimumVisualStudioVersion = 10.0.40219.1
Project("{9A19103F-16F7-4668-BE54-9A1E7A4F7556}") = "Ems.Api", "Ems.Api\Ems.Api.csproj", "{D4F467F7-87AD-40E5-BFB0-BB4618642EE0}"
EndProject
Project("{9A19103F-16F7-4668-BE54-9A1E7A4F7556}") = "Ems.Api.Tests", "Ems.Api.Tests\Ems.Api.Tests.csproj", "{33F0D4A2-F37F-472F-B07A-6EF314DE369F}"
EndProject
Project("{2150E333-8FDC-42A3-9474-1A3956D46DE8}") = "Solution Items", "Solution Items", "{F9796CFE-4584-4EDF-92A3-0EBF9FEE7061}"
	ProjectSection(SolutionItems) = preProject
		.editorconfig = .editorconfig
	EndProjectSection
EndProject
Project("{FAE04EC0-301F-11D3-BF4B-00C04F79EFBC}") = "Ems.Api.Data", "Ems.Api.Data\Ems.Api.Data.csproj", "{D032BD5E-525E-4679-917F-98556DB8DB99}"
EndProject
Global
	GlobalSection(SolutionConfigurationPlatforms) = preSolution
		Debug|Any CPU = Debug|Any CPU
		Release|Any CPU = Release|Any CPU
	EndGlobalSection
	GlobalSection(ProjectConfigurationPlatforms) = postSolution
		{D4F467F7-87AD-40E5-BFB0-BB4618642EE0}.Debug|Any CPU.ActiveCfg = Debug|Any CPU
		{D4F467F7-87AD-40E5-BFB0-BB4618642EE0}.Debug|Any CPU.Build.0 = Debug|Any CPU
		{D4F467F7-87AD-40E5-BFB0-BB4618642EE0}.Release|Any CPU.ActiveCfg = Release|Any CPU
		{D4F467F7-87AD-40E5-BFB0-BB4618642EE0}.Release|Any CPU.Build.0 = Release|Any CPU
		{33F0D4A2-F37F-472F-B07A-6EF314DE369F}.Debug|Any CPU.ActiveCfg = Debug|Any CPU
		{33F0D4A2-F37F-472F-B07A-6EF314DE369F}.Debug|Any CPU.Build.0 = Debug|Any CPU
		{33F0D4A2-F37F-472F-B07A-6EF314DE369F}.Release|Any CPU.ActiveCfg = Release|Any CPU
		{33F0D4A2-F37F-472F-B07A-6EF314DE369F}.Release|Any CPU.Build.0 = Release|Any CPU
		{D032BD5E-525E-4679-917F-98556DB8DB99}.Debug|Any CPU.ActiveCfg = Debug|Any CPU
		{D032BD5E-525E-4679-917F-98556DB8DB99}.Debug|Any CPU.Build.0 = Debug|Any CPU
		{D032BD5E-525E-4679-917F-98556DB8DB99}.Release|Any CPU.ActiveCfg = Release|Any CPU
		{D032BD5E-525E-4679-917F-98556DB8DB99}.Release|Any CPU.Build.0 = Release|Any CPU
	EndGlobalSection
	GlobalSection(SolutionProperties) = preSolution
		HideSolutionNode = FALSE
	EndGlobalSection
	GlobalSection(ExtensibilityGlobals) = postSolution
		SolutionGuid = {F7555C75-4876-4D82-9D83-5DA644773690}
	EndGlobalSection
EndGlobal
